
Microsoft Visual Studio Solution File, Format Version 12.00
# Visual Studio Version 16
VisualStudioVersion = 16.0.29424.173
MinimumVisualStudioVersion = 10.0.40219.1
Project("{FAE04EC0-301F-11D3-BF4B-00C04F79EFBC}") = "BertScout2020XmlData", "BertScout2020XmlData.csproj", "{73F730D8-7556-4691-B051-6D77A971CD89}"
EndProject
Global
	GlobalSection(SolutionConfigurationPlatforms) = preSolution
		Debug|Any CPU = Debug|Any CPU
		Release|Any CPU = Release|Any CPU
	EndGlobalSection
	GlobalSection(ProjectConfigurationPlatforms) = postSolution
		{73F730D8-7556-4691-B051-6D77A971CD89}.Debug|Any CPU.ActiveCfg = Debug|Any CPU
		{73F730D8-7556-4691-B051-6D77A971CD89}.Debug|Any CPU.Build.0 = Debug|Any CPU
		{73F730D8-7556-4691-B051-6D77A971CD89}.Release|Any CPU.ActiveCfg = Release|Any CPU
		{73F730D8-7556-4691-B051-6D77A971CD89}.Release|Any CPU.Build.0 = Release|Any CPU
	EndGlobalSection
	GlobalSection(SolutionProperties) = preSolution
		HideSolutionNode = FALSE
	EndGlobalSection
	GlobalSection(ExtensibilityGlobals) = postSolution
		SolutionGuid = {233E2EEF-A1F6-47B2-8B73-352E907E52D8}
	EndGlobalSection
EndGlobal
